{
  "name": "word-squares",
  "version": "1.0.0",
  "lockfileVersion": 2,
  "requires": true,
  "packages": {
    "": {
      "name": "word-squares",
      "version": "1.0.0",
      "license": "ISC",
      "dependencies": {
        "find-partial-anagrams": "^0.2.0"
      }
    },
    "node_modules/find-partial-anagrams": {
      "version": "0.2.0",
      "resolved": "https://registry.npmjs.org/find-partial-anagrams/-/find-partial-anagrams-0.2.0.tgz",
      "integrity": "sha512-GlapmusEQuJoKqgMCLUhZ5VG7Rd5wKHzM2iXwYYhNBmTm7zD/RR9cGpq9agkhGERLKg45mTllbbBGA9BdfDNWg=="
    }
  },
  "dependencies": {
    "find-partial-anagrams": {
      "version": "0.2.0",
      "resolved": "https://registry.npmjs.org/find-partial-anagrams/-/find-partial-anagrams-0.2.0.tgz",
      "integrity": "sha512-GlapmusEQuJoKqgMCLUhZ5VG7Rd5wKHzM2iXwYYhNBmTm7zD/RR9cGpq9agkhGERLKg45mTllbbBGA9BdfDNWg=="
    }
  }
}
